# auto-generated by grc.converter

id: ieee802_11_decode_mac_2
label: WiFi Decode MAC 2
category: '[IEEE802.11]'

parameters:
-   id: log
    label: Log
    dtype: bool
    default: 'False'
    options: ['True', 'False']
    option_labels: [Enable, Disable]
-   id: debug
    label: Debug
    dtype: bool
    default: 'False'
    options: ['True', 'False']
    option_labels: [Enable, Disable]
-   id: nin
    label: Num of Inputs
    dtype: int
    default: 3

inputs:
-   domain: stream
    dtype: byte
    vlen: 48
-   domain: stream
    dtype: complex
    label: pass
    vlen: 64
    multiplicity: ${nin}
-   domain: stream
    dtype: complex
    label: H_pass
    vlen: 64
    multiplicity: ${nin}
-   domain: stream
    dtype: complex
    label: H_avg_pass
    vlen: 64
    multiplicity: ${nin}

outputs:
-   domain: message
    id: out
    optional: true
-   domain: message
    id: pass_out
    optional: true
-   domain: stream
    dtype: complex
    label: H_out
    vlen: 64
    multiplicity: ${nin}
-   domain: stream
    dtype: complex
    label: H_avg_out
    vlen: 64
    multiplicity: ${nin}

templates:
    imports: import ieee802_11
    make: ieee802_11.decode_mac(${log}, ${debug}, ${nin})

file_format: 1
